
Microsoft Visual Studio Solution File, Format Version 12.00
# Visual Studio 15
VisualStudioVersion = 15.0.27703.2047
MinimumVisualStudioVersion = 10.0.40219.1
Project("{FAE04EC0-301F-11D3-BF4B-00C04F79EFBC}") = "Sales.Android", "Sales\Sales.Android\Sales.Android.csproj", "{B74A8133-B2BE-41CB-8FD9-710D46D61B18}"
EndProject
Project("{FAE04EC0-301F-11D3-BF4B-00C04F79EFBC}") = "Sales.iOS", "Sales\Sales.iOS\Sales.iOS.csproj", "{A4ECDF1E-76D3-4220-9C52-92F34F0662ED}"
EndProject
Project("{FAE04EC0-301F-11D3-BF4B-00C04F79EFBC}") = "Sales.UWP", "Sales\Sales.UWP\Sales.UWP.csproj", "{BAFEBF4C-EBDA-435E-8DEA-E6F9A4A0E504}"
EndProject
Project("{FAE04EC0-301F-11D3-BF4B-00C04F79EFBC}") = "Sales", "Sales\Sales\Sales.csproj", "{6282A355-2A0D-4F40-B6AC-C9A9817CCF14}"
EndProject
Project("{FAE04EC0-301F-11D3-BF4B-00C04F79EFBC}") = "Sales.Backend", "Sales.Backend\Sales.Backend.csproj", "{B45BF12E-0BDA-45EF-9C7F-B7D808BE41CE}"
EndProject
Project("{FAE04EC0-301F-11D3-BF4B-00C04F79EFBC}") = "Sales.API", "Sales.API\Sales.API.csproj", "{291F7F2A-012F-490A-9307-AFD488639C5E}"
EndProject
Project("{FAE04EC0-301F-11D3-BF4B-00C04F79EFBC}") = "Sales.Domain", "Sales.Domain\Sales.Domain.csproj", "{B22EECFB-A43D-40CD-80A1-9770402ACC48}"
EndProject
Project("{FAE04EC0-301F-11D3-BF4B-00C04F79EFBC}") = "Sales.Common", "Sales.Common\Sales.Common.csproj", "{7EB737CE-B67E-4309-8675-065FA5C751C9}"
EndProject
Global
	GlobalSection(SolutionConfigurationPlatforms) = preSolution
		Ad-Hoc|Any CPU = Ad-Hoc|Any CPU
		Ad-Hoc|ARM = Ad-Hoc|ARM
		Ad-Hoc|iPhone = Ad-Hoc|iPhone
		Ad-Hoc|iPhoneSimulator = Ad-Hoc|iPhoneSimulator
		Ad-Hoc|x64 = Ad-Hoc|x64
		Ad-Hoc|x86 = Ad-Hoc|x86
		AppStore|Any CPU = AppStore|Any CPU
		AppStore|ARM = AppStore|ARM
		AppStore|iPhone = AppStore|iPhone
		AppStore|iPhoneSimulator = AppStore|iPhoneSimulator
		AppStore|x64 = AppStore|x64
		AppStore|x86 = AppStore|x86
		Debug|Any CPU = Debug|Any CPU
		Debug|ARM = Debug|ARM
		Debug|iPhone = Debug|iPhone
		Debug|iPhoneSimulator = Debug|iPhoneSimulator
		Debug|x64 = Debug|x64
		Debug|x86 = Debug|x86
		Release|Any CPU = Release|Any CPU
		Release|ARM = Release|ARM
		Release|iPhone = Release|iPhone
		Release|iPhoneSimulator = Release|iPhoneSimulator
		Release|x64 = Release|x64
		Release|x86 = Release|x86
	EndGlobalSection
	GlobalSection(ProjectConfigurationPlatforms) = postSolution
		{B74A8133-B2BE-41CB-8FD9-710D46D61B18}.Ad-Hoc|Any CPU.ActiveCfg = Release|Any CPU
		{B74A8133-B2BE-41CB-8FD9-710D46D61B18}.Ad-Hoc|Any CPU.Build.0 = Release|Any CPU
		{B74A8133-B2BE-41CB-8FD9-710D46D61B18}.Ad-Hoc|Any CPU.Deploy.0 = Release|Any CPU
		{B74A8133-B2BE-41CB-8FD9-710D46D61B18}.Ad-Hoc|ARM.ActiveCfg = Release|Any CPU
		{B74A8133-B2BE-41CB-8FD9-710D46D61B18}.Ad-Hoc|ARM.Build.0 = Release|Any CPU
		{B74A8133-B2BE-41CB-8FD9-710D46D61B18}.Ad-Hoc|ARM.Deploy.0 = Release|Any CPU
		{B74A8133-B2BE-41CB-8FD9-710D46D61B18}.Ad-Hoc|iPhone.ActiveCfg = Release|Any CPU
		{B74A8133-B2BE-41CB-8FD9-710D46D61B18}.Ad-Hoc|iPhone.Build.0 = Release|Any CPU
		{B74A8133-B2BE-41CB-8FD9-710D46D61B18}.Ad-Hoc|iPhone.Deploy.0 = Release|Any CPU
		{B74A8133-B2BE-41CB-8FD9-710D46D61B18}.Ad-Hoc|iPhoneSimulator.ActiveCfg = Release|Any CPU
		{B74A8133-B2BE-41CB-8FD9-710D46D61B18}.Ad-Hoc|iPhoneSimulator.Build.0 = Release|Any CPU
		{B74A8133-B2BE-41CB-8FD9-710D46D61B18}.Ad-Hoc|iPhoneSimulator.Deploy.0 = Release|Any CPU
		{B74A8133-B2BE-41CB-8FD9-710D46D61B18}.Ad-Hoc|x64.ActiveCfg = Release|Any CPU
		{B74A8133-B2BE-41CB-8FD9-710D46D61B18}.Ad-Hoc|x64.Build.0 = Release|Any CPU
		{B74A8133-B2BE-41CB-8FD9-710D46D61B18}.Ad-Hoc|x64.Deploy.0 = Release|Any CPU
		{B74A8133-B2BE-41CB-8FD9-710D46D61B18}.Ad-Hoc|x86.ActiveCfg = Release|Any CPU
		{B74A8133-B2BE-41CB-8FD9-710D46D61B18}.Ad-Hoc|x86.Build.0 = Release|Any CPU
		{B74A8133-B2BE-41CB-8FD9-710D46D61B18}.Ad-Hoc|x86.Deploy.0 = Release|Any CPU
		{B74A8133-B2BE-41CB-8FD9-710D46D61B18}.AppStore|Any CPU.ActiveCfg = Release|Any CPU
		{B74A8133-B2BE-41CB-8FD9-710D46D61B18}.AppStore|Any CPU.Build.0 = Release|Any CPU
		{B74A8133-B2BE-41CB-8FD9-710D46D61B18}.AppStore|Any CPU.Deploy.0 = Release|Any CPU
		{B74A8133-B2BE-41CB-8FD9-710D46D61B18}.AppStore|ARM.ActiveCfg = Release|Any CPU
		{B74A8133-B2BE-41CB-8FD9-710D46D61B18}.AppStore|ARM.Build.0 = Release|Any CPU
		{B74A8133-B2BE-41CB-8FD9-710D46D61B18}.AppStore|ARM.Deploy.0 = Release|Any CPU
		{B74A8133-B2BE-41CB-8FD9-710D46D61B18}.AppStore|iPhone.ActiveCfg = Release|Any CPU
		{B74A8133-B2BE-41CB-8FD9-710D46D61B18}.AppStore|iPhone.Build.0 = Release|Any CPU
		{B74A8133-B2BE-41CB-8FD9-710D46D61B18}.AppStore|iPhone.Deploy.0 = Release|Any CPU
		{B74A8133-B2BE-41CB-8FD9-710D46D61B18}.AppStore|iPhoneSimulator.ActiveCfg = Release|Any CPU
		{B74A8133-B2BE-41CB-8FD9-710D46D61B18}.AppStore|iPhoneSimulator.Build.0 = Release|Any CPU
		{B74A8133-B2BE-41CB-8FD9-710D46D61B18}.AppStore|iPhoneSimulator.Deploy.0 = Release|Any CPU
		{B74A8133-B2BE-41CB-8FD9-710D46D61B18}.AppStore|x64.ActiveCfg = Release|Any CPU
		{B74A8133-B2BE-41CB-8FD9-710D46D61B18}.AppStore|x64.Build.0 = Release|Any CPU
		{B74A8133-B2BE-41CB-8FD9-710D46D61B18}.AppStore|x64.Deploy.0 = Release|Any CPU
		{B74A8133-B2BE-41CB-8FD9-710D46D61B18}.AppStore|x86.ActiveCfg = Release|Any CPU
		{B74A8133-B2BE-41CB-8FD9-710D46D61B18}.AppStore|x86.Build.0 = Release|Any CPU
		{B74A8133-B2BE-41CB-8FD9-710D46D61B18}.AppStore|x86.Deploy.0 = Release|Any CPU
		{B74A8133-B2BE-41CB-8FD9-710D46D61B18}.Debug|Any CPU.ActiveCfg = Debug|Any CPU
		{B74A8133-B2BE-41CB-8FD9-710D46D61B18}.Debug|Any CPU.Build.0 = Debug|Any CPU
		{B74A8133-B2BE-41CB-8FD9-710D46D61B18}.Debug|Any CPU.Deploy.0 = Debug|Any CPU
		{B74A8133-B2BE-41CB-8FD9-710D46D61B18}.Debug|ARM.ActiveCfg = Debug|Any CPU
		{B74A8133-B2BE-41CB-8FD9-710D46D61B18}.Debug|ARM.Build.0 = Debug|Any CPU
		{B74A8133-B2BE-41CB-8FD9-710D46D61B18}.Debug|ARM.Deploy.0 = Debug|Any CPU
		{B74A8133-B2BE-41CB-8FD9-710D46D61B18}.Debug|iPhone.ActiveCfg = Debug|Any CPU
		{B74A8133-B2BE-41CB-8FD9-710D46D61B18}.Debug|iPhone.Build.0 = Debug|Any CPU
		{B74A8133-B2BE-41CB-8FD9-710D46D61B18}.Debug|iPhone.Deploy.0 = Debug|Any CPU
		{B74A8133-B2BE-41CB-8FD9-710D46D61B18}.Debug|iPhoneSimulator.ActiveCfg = Debug|Any CPU
		{B74A8133-B2BE-41CB-8FD9-710D46D61B18}.Debug|iPhoneSimulator.Build.0 = Debug|Any CPU
		{B74A8133-B2BE-41CB-8FD9-710D46D61B18}.Debug|iPhoneSimulator.Deploy.0 = Debug|Any CPU
		{B74A8133-B2BE-41CB-8FD9-710D46D61B18}.Debug|x64.ActiveCfg = Debug|Any CPU
		{B74A8133-B2BE-41CB-8FD9-710D46D61B18}.Debug|x64.Build.0 = Debug|Any CPU
		{B74A8133-B2BE-41CB-8FD9-710D46D61B18}.Debug|x64.Deploy.0 = Debug|Any CPU
		{B74A8133-B2BE-41CB-8FD9-710D46D61B18}.Debug|x86.ActiveCfg = Debug|Any CPU
		{B74A8133-B2BE-41CB-8FD9-710D46D61B18}.Debug|x86.Build.0 = Debug|Any CPU
		{B74A8133-B2BE-41CB-8FD9-710D46D61B18}.Debug|x86.Deploy.0 = Debug|Any CPU
		{B74A8133-B2BE-41CB-8FD9-710D46D61B18}.Release|Any CPU.ActiveCfg = Release|Any CPU
		{B74A8133-B2BE-41CB-8FD9-710D46D61B18}.Release|Any CPU.Build.0 = Release|Any CPU
		{B74A8133-B2BE-41CB-8FD9-710D46D61B18}.Release|Any CPU.Deploy.0 = Release|Any CPU
		{B74A8133-B2BE-41CB-8FD9-710D46D61B18}.Release|ARM.ActiveCfg = Release|Any CPU
		{B74A8133-B2BE-41CB-8FD9-710D46D61B18}.Release|ARM.Build.0 = Release|Any CPU
		{B74A8133-B2BE-41CB-8FD9-710D46D61B18}.Release|ARM.Deploy.0 = Release|Any CPU
		{B74A8133-B2BE-41CB-8FD9-710D46D61B18}.Release|iPhone.ActiveCfg = Release|Any CPU
		{B74A8133-B2BE-41CB-8FD9-710D46D61B18}.Release|iPhone.Build.0 = Release|Any CPU
		{B74A8133-B2BE-41CB-8FD9-710D46D61B18}.Release|iPhone.Deploy.0 = Release|Any CPU
		{B74A8133-B2BE-41CB-8FD9-710D46D61B18}.Release|iPhoneSimulator.ActiveCfg = Release|Any CPU
		{B74A8133-B2BE-41CB-8FD9-710D46D61B18}.Release|iPhoneSimulator.Build.0 = Release|Any CPU
		{B74A8133-B2BE-41CB-8FD9-710D46D61B18}.Release|iPhoneSimulator.Deploy.0 = Release|Any CPU
		{B74A8133-B2BE-41CB-8FD9-710D46D61B18}.Release|x64.ActiveCfg = Release|Any CPU
		{B74A8133-B2BE-41CB-8FD9-710D46D61B18}.Release|x64.Build.0 = Release|Any CPU
		{B74A8133-B2BE-41CB-8FD9-710D46D61B18}.Release|x64.Deploy.0 = Release|Any CPU
		{B74A8133-B2BE-41CB-8FD9-710D46D61B18}.Release|x86.ActiveCfg = Release|Any CPU
		{B74A8133-B2BE-41CB-8FD9-710D46D61B18}.Release|x86.Build.0 = Release|Any CPU
		{B74A8133-B2BE-41CB-8FD9-710D46D61B18}.Release|x86.Deploy.0 = Release|Any CPU
		{A4ECDF1E-76D3-4220-9C52-92F34F0662ED}.Ad-Hoc|Any CPU.ActiveCfg = Ad-Hoc|iPhone
		{A4ECDF1E-76D3-4220-9C52-92F34F0662ED}.Ad-Hoc|Any CPU.Build.0 = Ad-Hoc|iPhone
		{A4ECDF1E-76D3-4220-9C52-92F34F0662ED}.Ad-Hoc|Any CPU.Deploy.0 = Ad-Hoc|iPhone
		{A4ECDF1E-76D3-4220-9C52-92F34F0662ED}.Ad-Hoc|ARM.ActiveCfg = Ad-Hoc|iPhone
		{A4ECDF1E-76D3-4220-9C52-92F34F0662ED}.Ad-Hoc|ARM.Build.0 = Ad-Hoc|iPhone
		{A4ECDF1E-76D3-4220-9C52-92F34F0662ED}.Ad-Hoc|ARM.Deploy.0 = Ad-Hoc|iPhone
		{A4ECDF1E-76D3-4220-9C52-92F34F0662ED}.Ad-Hoc|iPhone.ActiveCfg = Ad-Hoc|iPhone
		{A4ECDF1E-76D3-4220-9C52-92F34F0662ED}.Ad-Hoc|iPhone.Build.0 = Ad-Hoc|iPhone
		{A4ECDF1E-76D3-4220-9C52-92F34F0662ED}.Ad-Hoc|iPhone.Deploy.0 = Ad-Hoc|iPhone
		{A4ECDF1E-76D3-4220-9C52-92F34F0662ED}.Ad-Hoc|iPhoneSimulator.ActiveCfg = Ad-Hoc|iPhoneSimulator
		{A4ECDF1E-76D3-4220-9C52-92F34F0662ED}.Ad-Hoc|iPhoneSimulator.Build.0 = Ad-Hoc|iPhoneSimulator
		{A4ECDF1E-76D3-4220-9C52-92F34F0662ED}.Ad-Hoc|iPhoneSimulator.Deploy.0 = Ad-Hoc|iPhoneSimulator
		{A4ECDF1E-76D3-4220-9C52-92F34F0662ED}.Ad-Hoc|x64.ActiveCfg = Ad-Hoc|iPhone
		{A4ECDF1E-76D3-4220-9C52-92F34F0662ED}.Ad-Hoc|x64.Build.0 = Ad-Hoc|iPhone
		{A4ECDF1E-76D3-4220-9C52-92F34F0662ED}.Ad-Hoc|x64.Deploy.0 = Ad-Hoc|iPhone
		{A4ECDF1E-76D3-4220-9C52-92F34F0662ED}.Ad-Hoc|x86.ActiveCfg = Ad-Hoc|iPhone
		{A4ECDF1E-76D3-4220-9C52-92F34F0662ED}.Ad-Hoc|x86.Build.0 = Ad-Hoc|iPhone
		{A4ECDF1E-76D3-4220-9C52-92F34F0662ED}.Ad-Hoc|x86.Deploy.0 = Ad-Hoc|iPhone
		{A4ECDF1E-76D3-4220-9C52-92F34F0662ED}.AppStore|Any CPU.ActiveCfg = AppStore|iPhone
		{A4ECDF1E-76D3-4220-9C52-92F34F0662ED}.AppStore|Any CPU.Build.0 = AppStore|iPhone
		{A4ECDF1E-76D3-4220-9C52-92F34F0662ED}.AppStore|Any CPU.Deploy.0 = AppStore|iPhone
		{A4ECDF1E-76D3-4220-9C52-92F34F0662ED}.AppStore|ARM.ActiveCfg = AppStore|iPhone
		{A4ECDF1E-76D3-4220-9C52-92F34F0662ED}.AppStore|ARM.Build.0 = AppStore|iPhone
		{A4ECDF1E-76D3-4220-9C52-92F34F0662ED}.AppStore|ARM.Deploy.0 = AppStore|iPhone
		{A4ECDF1E-76D3-4220-9C52-92F34F0662ED}.AppStore|iPhone.ActiveCfg = AppStore|iPhone
		{A4ECDF1E-76D3-4220-9C52-92F34F0662ED}.AppStore|iPhone.Build.0 = AppStore|iPhone
		{A4ECDF1E-76D3-4220-9C52-92F34F0662ED}.AppStore|iPhone.Deploy.0 = AppStore|iPhone
		{A4ECDF1E-76D3-4220-9C52-92F34F0662ED}.AppStore|iPhoneSimulator.ActiveCfg = AppStore|iPhoneSimulator
		{A4ECDF1E-76D3-4220-9C52-92F34F0662ED}.AppStore|iPhoneSimulator.Build.0 = AppStore|iPhoneSimulator
		{A4ECDF1E-76D3-4220-9C52-92F34F0662ED}.AppStore|iPhoneSimulator.Deploy.0 = AppStore|iPhoneSimulator
		{A4ECDF1E-76D3-4220-9C52-92F34F0662ED}.AppStore|x64.ActiveCfg = AppStore|iPhone
		{A4ECDF1E-76D3-4220-9C52-92F34F0662ED}.AppStore|x64.Build.0 = AppStore|iPhone
		{A4ECDF1E-76D3-4220-9C52-92F34F0662ED}.AppStore|x64.Deploy.0 = AppStore|iPhone
		{A4ECDF1E-76D3-4220-9C52-92F34F0662ED}.AppStore|x86.ActiveCfg = AppStore|iPhone
		{A4ECDF1E-76D3-4220-9C52-92F34F0662ED}.AppStore|x86.Build.0 = AppStore|iPhone
		{A4ECDF1E-76D3-4220-9C52-92F34F0662ED}.AppStore|x86.Deploy.0 = AppStore|iPhone
		{A4ECDF1E-76D3-4220-9C52-92F34F0662ED}.Debug|Any CPU.ActiveCfg = Debug|iPhoneSimulator
		{A4ECDF1E-76D3-4220-9C52-92F34F0662ED}.Debug|Any CPU.Build.0 = Debug|iPhoneSimulator
		{A4ECDF1E-76D3-4220-9C52-92F34F0662ED}.Debug|Any CPU.Deploy.0 = Debug|iPhoneSimulator
		{A4ECDF1E-76D3-4220-9C52-92F34F0662ED}.Debug|ARM.ActiveCfg = Debug|iPhone
		{A4ECDF1E-76D3-4220-9C52-92F34F0662ED}.Debug|ARM.Build.0 = Debug|iPhone
		{A4ECDF1E-76D3-4220-9C52-92F34F0662ED}.Debug|ARM.Deploy.0 = Debug|iPhone
		{A4ECDF1E-76D3-4220-9C52-92F34F0662ED}.Debug|iPhone.ActiveCfg = Debug|iPhone
		{A4ECDF1E-76D3-4220-9C52-92F34F0662ED}.Debug|iPhone.Build.0 = Debug|iPhone
		{A4ECDF1E-76D3-4220-9C52-92F34F0662ED}.Debug|iPhone.Deploy.0 = Debug|iPhone
		{A4ECDF1E-76D3-4220-9C52-92F34F0662ED}.Debug|iPhoneSimulator.ActiveCfg = Debug|iPhoneSimulator
		{A4ECDF1E-76D3-4220-9C52-92F34F0662ED}.Debug|iPhoneSimulator.Build.0 = Debug|iPhoneSimulator
		{A4ECDF1E-76D3-4220-9C52-92F34F0662ED}.Debug|iPhoneSimulator.Deploy.0 = Debug|iPhoneSimulator
		{A4ECDF1E-76D3-4220-9C52-92F34F0662ED}.Debug|x64.ActiveCfg = Debug|iPhone
		{A4ECDF1E-76D3-4220-9C52-92F34F0662ED}.Debug|x64.Build.0 = Debug|iPhone
		{A4ECDF1E-76D3-4220-9C52-92F34F0662ED}.Debug|x64.Deploy.0 = Debug|iPhone
		{A4ECDF1E-76D3-4220-9C52-92F34F0662ED}.Debug|x86.ActiveCfg = Debug|iPhone
		{A4ECDF1E-76D3-4220-9C52-92F34F0662ED}.Debug|x86.Build.0 = Debug|iPhone
		{A4ECDF1E-76D3-4220-9C52-92F34F0662ED}.Debug|x86.Deploy.0 = Debug|iPhone
		{A4ECDF1E-76D3-4220-9C52-92F34F0662ED}.Release|Any CPU.ActiveCfg = Release|iPhone
		{A4ECDF1E-76D3-4220-9C52-92F34F0662ED}.Release|Any CPU.Build.0 = Release|iPhone
		{A4ECDF1E-76D3-4220-9C52-92F34F0662ED}.Release|Any CPU.Deploy.0 = Release|iPhone
		{A4ECDF1E-76D3-4220-9C52-92F34F0662ED}.Release|ARM.ActiveCfg = Release|iPhone
		{A4ECDF1E-76D3-4220-9C52-92F34F0662ED}.Release|ARM.Build.0 = Release|iPhone
		{A4ECDF1E-76D3-4220-9C52-92F34F0662ED}.Release|ARM.Deploy.0 = Release|iPhone
		{A4ECDF1E-76D3-4220-9C52-92F34F0662ED}.Release|iPhone.ActiveCfg = Release|iPhone
		{A4ECDF1E-76D3-4220-9C52-92F34F0662ED}.Release|iPhone.Build.0 = Release|iPhone
		{A4ECDF1E-76D3-4220-9C52-92F34F0662ED}.Release|iPhone.Deploy.0 = Release|iPhone
		{A4ECDF1E-76D3-4220-9C52-92F34F0662ED}.Release|iPhoneSimulator.ActiveCfg = Release|iPhoneSimulator
		{A4ECDF1E-76D3-4220-9C52-92F34F0662ED}.Release|iPhoneSimulator.Build.0 = Release|iPhoneSimulator
		{A4ECDF1E-76D3-4220-9C52-92F34F0662ED}.Release|iPhoneSimulator.Deploy.0 = Release|iPhoneSimulator
		{A4ECDF1E-76D3-4220-9C52-92F34F0662ED}.Release|x64.ActiveCfg = Release|iPhone
		{A4ECDF1E-76D3-4220-9C52-92F34F0662ED}.Release|x64.Build.0 = Release|iPhone
		{A4ECDF1E-76D3-4220-9C52-92F34F0662ED}.Release|x64.Deploy.0 = Release|iPhone
		{A4ECDF1E-76D3-4220-9C52-92F34F0662ED}.Release|x86.ActiveCfg = Release|iPhone
		{A4ECDF1E-76D3-4220-9C52-92F34F0662ED}.Release|x86.Build.0 = Release|iPhone
		{A4ECDF1E-76D3-4220-9C52-92F34F0662ED}.Release|x86.Deploy.0 = Release|iPhone
		{BAFEBF4C-EBDA-435E-8DEA-E6F9A4A0E504}.Ad-Hoc|Any CPU.ActiveCfg = Release|x86
		{BAFEBF4C-EBDA-435E-8DEA-E6F9A4A0E504}.Ad-Hoc|Any CPU.Build.0 = Release|x86
		{BAFEBF4C-EBDA-435E-8DEA-E6F9A4A0E504}.Ad-Hoc|Any CPU.Deploy.0 = Release|x86
		{BAFEBF4C-EBDA-435E-8DEA-E6F9A4A0E504}.Ad-Hoc|ARM.ActiveCfg = Release|ARM
		{BAFEBF4C-EBDA-435E-8DEA-E6F9A4A0E504}.Ad-Hoc|ARM.Build.0 = Release|ARM
		{BAFEBF4C-EBDA-435E-8DEA-E6F9A4A0E504}.Ad-Hoc|ARM.Deploy.0 = Release|ARM
		{BAFEBF4C-EBDA-435E-8DEA-E6F9A4A0E504}.Ad-Hoc|iPhone.ActiveCfg = Release|x86
		{BAFEBF4C-EBDA-435E-8DEA-E6F9A4A0E504}.Ad-Hoc|iPhone.Build.0 = Release|x86
		{BAFEBF4C-EBDA-435E-8DEA-E6F9A4A0E504}.Ad-Hoc|iPhone.Deploy.0 = Release|x86
		{BAFEBF4C-EBDA-435E-8DEA-E6F9A4A0E504}.Ad-Hoc|iPhoneSimulator.ActiveCfg = Release|x86
		{BAFEBF4C-EBDA-435E-8DEA-E6F9A4A0E504}.Ad-Hoc|iPhoneSimulator.Build.0 = Release|x86
		{BAFEBF4C-EBDA-435E-8DEA-E6F9A4A0E504}.Ad-Hoc|iPhoneSimulator.Deploy.0 = Release|x86
		{BAFEBF4C-EBDA-435E-8DEA-E6F9A4A0E504}.Ad-Hoc|x64.ActiveCfg = Release|x64
		{BAFEBF4C-EBDA-435E-8DEA-E6F9A4A0E504}.Ad-Hoc|x64.Build.0 = Release|x64
		{BAFEBF4C-EBDA-435E-8DEA-E6F9A4A0E504}.Ad-Hoc|x64.Deploy.0 = Release|x64
		{BAFEBF4C-EBDA-435E-8DEA-E6F9A4A0E504}.Ad-Hoc|x86.ActiveCfg = Release|x86
		{BAFEBF4C-EBDA-435E-8DEA-E6F9A4A0E504}.Ad-Hoc|x86.Build.0 = Release|x86
		{BAFEBF4C-EBDA-435E-8DEA-E6F9A4A0E504}.Ad-Hoc|x86.Deploy.0 = Release|x86
		{BAFEBF4C-EBDA-435E-8DEA-E6F9A4A0E504}.AppStore|Any CPU.ActiveCfg = Release|x86
		{BAFEBF4C-EBDA-435E-8DEA-E6F9A4A0E504}.AppStore|Any CPU.Build.0 = Release|x86
		{BAFEBF4C-EBDA-435E-8DEA-E6F9A4A0E504}.AppStore|Any CPU.Deploy.0 = Release|x86
		{BAFEBF4C-EBDA-435E-8DEA-E6F9A4A0E504}.AppStore|ARM.ActiveCfg = Release|ARM
		{BAFEBF4C-EBDA-435E-8DEA-E6F9A4A0E504}.AppStore|ARM.Build.0 = Release|ARM
		{BAFEBF4C-EBDA-435E-8DEA-E6F9A4A0E504}.AppStore|ARM.Deploy.0 = Release|ARM
		{BAFEBF4C-EBDA-435E-8DEA-E6F9A4A0E504}.AppStore|iPhone.ActiveCfg = Release|x86
		{BAFEBF4C-EBDA-435E-8DEA-E6F9A4A0E504}.AppStore|iPhone.Build.0 = Release|x86
		{BAFEBF4C-EBDA-435E-8DEA-E6F9A4A0E504}.AppStore|iPhone.Deploy.0 = Release|x86
		{BAFEBF4C-EBDA-435E-8DEA-E6F9A4A0E504}.AppStore|iPhoneSimulator.ActiveCfg = Release|x86
		{BAFEBF4C-EBDA-435E-8DEA-E6F9A4A0E504}.AppStore|iPhoneSimulator.Build.0 = Release|x86
		{BAFEBF4C-EBDA-435E-8DEA-E6F9A4A0E504}.AppStore|iPhoneSimulator.Deploy.0 = Release|x86
		{BAFEBF4C-EBDA-435E-8DEA-E6F9A4A0E504}.AppStore|x64.ActiveCfg = Release|x64
		{BAFEBF4C-EBDA-435E-8DEA-E6F9A4A0E504}.AppStore|x64.Build.0 = Release|x64
		{BAFEBF4C-EBDA-435E-8DEA-E6F9A4A0E504}.AppStore|x64.Deploy.0 = Release|x64
		{BAFEBF4C-EBDA-435E-8DEA-E6F9A4A0E504}.AppStore|x86.ActiveCfg = Release|x86
		{BAFEBF4C-EBDA-435E-8DEA-E6F9A4A0E504}.AppStore|x86.Build.0 = Release|x86
		{BAFEBF4C-EBDA-435E-8DEA-E6F9A4A0E504}.AppStore|x86.Deploy.0 = Release|x86
		{BAFEBF4C-EBDA-435E-8DEA-E6F9A4A0E504}.Debug|Any CPU.ActiveCfg = Debug|x86
		{BAFEBF4C-EBDA-435E-8DEA-E6F9A4A0E504}.Debug|ARM.ActiveCfg = Debug|ARM
		{BAFEBF4C-EBDA-435E-8DEA-E6F9A4A0E504}.Debug|ARM.Build.0 = Debug|ARM
		{BAFEBF4C-EBDA-435E-8DEA-E6F9A4A0E504}.Debug|ARM.Deploy.0 = Debug|ARM
		{BAFEBF4C-EBDA-435E-8DEA-E6F9A4A0E504}.Debug|iPhone.ActiveCfg = Debug|x86
		{BAFEBF4C-EBDA-435E-8DEA-E6F9A4A0E504}.Debug|iPhoneSimulator.ActiveCfg = Debug|x86
		{BAFEBF4C-EBDA-435E-8DEA-E6F9A4A0E504}.Debug|x64.ActiveCfg = Debug|x64
		{BAFEBF4C-EBDA-435E-8DEA-E6F9A4A0E504}.Debug|x64.Build.0 = Debug|x64
		{BAFEBF4C-EBDA-435E-8DEA-E6F9A4A0E504}.Debug|x64.Deploy.0 = Debug|x64
		{BAFEBF4C-EBDA-435E-8DEA-E6F9A4A0E504}.Debug|x86.ActiveCfg = Debug|x86
		{BAFEBF4C-EBDA-435E-8DEA-E6F9A4A0E504}.Debug|x86.Build.0 = Debug|x86
		{BAFEBF4C-EBDA-435E-8DEA-E6F9A4A0E504}.Debug|x86.Deploy.0 = Debug|x86
		{BAFEBF4C-EBDA-435E-8DEA-E6F9A4A0E504}.Release|Any CPU.ActiveCfg = Release|x86
		{BAFEBF4C-EBDA-435E-8DEA-E6F9A4A0E504}.Release|ARM.ActiveCfg = Release|ARM
		{BAFEBF4C-EBDA-435E-8DEA-E6F9A4A0E504}.Release|ARM.Build.0 = Release|ARM
		{BAFEBF4C-EBDA-435E-8DEA-E6F9A4A0E504}.Release|ARM.Deploy.0 = Release|ARM
		{BAFEBF4C-EBDA-435E-8DEA-E6F9A4A0E504}.Release|iPhone.ActiveCfg = Release|x86
		{BAFEBF4C-EBDA-435E-8DEA-E6F9A4A0E504}.Release|iPhoneSimulator.ActiveCfg = Release|x86
		{BAFEBF4C-EBDA-435E-8DEA-E6F9A4A0E504}.Release|x64.ActiveCfg = Release|x64
		{BAFEBF4C-EBDA-435E-8DEA-E6F9A4A0E504}.Release|x64.Build.0 = Release|x64
		{BAFEBF4C-EBDA-435E-8DEA-E6F9A4A0E504}.Release|x64.Deploy.0 = Release|x64
		{BAFEBF4C-EBDA-435E-8DEA-E6F9A4A0E504}.Release|x86.ActiveCfg = Release|x86
		{BAFEBF4C-EBDA-435E-8DEA-E6F9A4A0E504}.Release|x86.Build.0 = Release|x86
		{BAFEBF4C-EBDA-435E-8DEA-E6F9A4A0E504}.Release|x86.Deploy.0 = Release|x86
		{6282A355-2A0D-4F40-B6AC-C9A9817CCF14}.Ad-Hoc|Any CPU.ActiveCfg = Debug|Any CPU
		{6282A355-2A0D-4F40-B6AC-C9A9817CCF14}.Ad-Hoc|Any CPU.Build.0 = Debug|Any CPU
		{6282A355-2A0D-4F40-B6AC-C9A9817CCF14}.Ad-Hoc|Any CPU.Deploy.0 = Debug|Any CPU
		{6282A355-2A0D-4F40-B6AC-C9A9817CCF14}.Ad-Hoc|ARM.ActiveCfg = Debug|Any CPU
		{6282A355-2A0D-4F40-B6AC-C9A9817CCF14}.Ad-Hoc|ARM.Build.0 = Debug|Any CPU
		{6282A355-2A0D-4F40-B6AC-C9A9817CCF14}.Ad-Hoc|ARM.Deploy.0 = Debug|Any CPU
		{6282A355-2A0D-4F40-B6AC-C9A9817CCF14}.Ad-Hoc|iPhone.ActiveCfg = Debug|Any CPU
		{6282A355-2A0D-4F40-B6AC-C9A9817CCF14}.Ad-Hoc|iPhone.Build.0 = Debug|Any CPU
		{6282A355-2A0D-4F40-B6AC-C9A9817CCF14}.Ad-Hoc|iPhone.Deploy.0 = Debug|Any CPU
		{6282A355-2A0D-4F40-B6AC-C9A9817CCF14}.Ad-Hoc|iPhoneSimulator.ActiveCfg = Debug|Any CPU
		{6282A355-2A0D-4F40-B6AC-C9A9817CCF14}.Ad-Hoc|iPhoneSimulator.Build.0 = Debug|Any CPU
		{6282A355-2A0D-4F40-B6AC-C9A9817CCF14}.Ad-Hoc|iPhoneSimulator.Deploy.0 = Debug|Any CPU
		{6282A355-2A0D-4F40-B6AC-C9A9817CCF14}.Ad-Hoc|x64.ActiveCfg = Debug|Any CPU
		{6282A355-2A0D-4F40-B6AC-C9A9817CCF14}.Ad-Hoc|x64.Build.0 = Debug|Any CPU
		{6282A355-2A0D-4F40-B6AC-C9A9817CCF14}.Ad-Hoc|x64.Deploy.0 = Debug|Any CPU
		{6282A355-2A0D-4F40-B6AC-C9A9817CCF14}.Ad-Hoc|x86.ActiveCfg = Debug|Any CPU
		{6282A355-2A0D-4F40-B6AC-C9A9817CCF14}.Ad-Hoc|x86.Build.0 = Debug|Any CPU
		{6282A355-2A0D-4F40-B6AC-C9A9817CCF14}.Ad-Hoc|x86.Deploy.0 = Debug|Any CPU
		{6282A355-2A0D-4F40-B6AC-C9A9817CCF14}.AppStore|Any CPU.ActiveCfg = Debug|Any CPU
		{6282A355-2A0D-4F40-B6AC-C9A9817CCF14}.AppStore|Any CPU.Build.0 = Debug|Any CPU
		{6282A355-2A0D-4F40-B6AC-C9A9817CCF14}.AppStore|Any CPU.Deploy.0 = Debug|Any CPU
		{6282A355-2A0D-4F40-B6AC-C9A9817CCF14}.AppStore|ARM.ActiveCfg = Debug|Any CPU
		{6282A355-2A0D-4F40-B6AC-C9A9817CCF14}.AppStore|ARM.Build.0 = Debug|Any CPU
		{6282A355-2A0D-4F40-B6AC-C9A9817CCF14}.AppStore|ARM.Deploy.0 = Debug|Any CPU
		{6282A355-2A0D-4F40-B6AC-C9A9817CCF14}.AppStore|iPhone.ActiveCfg = Debug|Any CPU
		{6282A355-2A0D-4F40-B6AC-C9A9817CCF14}.AppStore|iPhone.Build.0 = Debug|Any CPU
		{6282A355-2A0D-4F40-B6AC-C9A9817CCF14}.AppStore|iPhone.Deploy.0 = Debug|Any CPU
		{6282A355-2A0D-4F40-B6AC-C9A9817CCF14}.AppStore|iPhoneSimulator.ActiveCfg = Debug|Any CPU
		{6282A355-2A0D-4F40-B6AC-C9A9817CCF14}.AppStore|iPhoneSimulator.Build.0 = Debug|Any CPU
		{6282A355-2A0D-4F40-B6AC-C9A9817CCF14}.AppStore|iPhoneSimulator.Deploy.0 = Debug|Any CPU
		{6282A355-2A0D-4F40-B6AC-C9A9817CCF14}.AppStore|x64.ActiveCfg = Debug|Any CPU
		{6282A355-2A0D-4F40-B6AC-C9A9817CCF14}.AppStore|x64.Build.0 = Debug|Any CPU
		{6282A355-2A0D-4F40-B6AC-C9A9817CCF14}.AppStore|x64.Deploy.0 = Debug|Any CPU
		{6282A355-2A0D-4F40-B6AC-C9A9817CCF14}.AppStore|x86.ActiveCfg = Debug|Any CPU
		{6282A355-2A0D-4F40-B6AC-C9A9817CCF14}.AppStore|x86.Build.0 = Debug|Any CPU
		{6282A355-2A0D-4F40-B6AC-C9A9817CCF14}.AppStore|x86.Deploy.0 = Debug|Any CPU
		{6282A355-2A0D-4F40-B6AC-C9A9817CCF14}.Debug|Any CPU.ActiveCfg = Debug|Any CPU
		{6282A355-2A0D-4F40-B6AC-C9A9817CCF14}.Debug|Any CPU.Build.0 = Debug|Any CPU
		{6282A355-2A0D-4F40-B6AC-C9A9817CCF14}.Debug|Any CPU.Deploy.0 = Debug|Any CPU
		{6282A355-2A0D-4F40-B6AC-C9A9817CCF14}.Debug|ARM.ActiveCfg = Debug|Any CPU
		{6282A355-2A0D-4F40-B6AC-C9A9817CCF14}.Debug|ARM.Build.0 = Debug|Any CPU
		{6282A355-2A0D-4F40-B6AC-C9A9817CCF14}.Debug|ARM.Deploy.0 = Debug|Any CPU
		{6282A355-2A0D-4F40-B6AC-C9A9817CCF14}.Debug|iPhone.ActiveCfg = Debug|Any CPU
		{6282A355-2A0D-4F40-B6AC-C9A9817CCF14}.Debug|iPhone.Build.0 = Debug|Any CPU
		{6282A355-2A0D-4F40-B6AC-C9A9817CCF14}.Debug|iPhone.Deploy.0 = Debug|Any CPU
		{6282A355-2A0D-4F40-B6AC-C9A9817CCF14}.Debug|iPhoneSimulator.ActiveCfg = Debug|Any CPU
		{6282A355-2A0D-4F40-B6AC-C9A9817CCF14}.Debug|iPhoneSimulator.Build.0 = Debug|Any CPU
		{6282A355-2A0D-4F40-B6AC-C9A9817CCF14}.Debug|iPhoneSimulator.Deploy.0 = Debug|Any CPU
		{6282A355-2A0D-4F40-B6AC-C9A9817CCF14}.Debug|x64.ActiveCfg = Debug|Any CPU
		{6282A355-2A0D-4F40-B6AC-C9A9817CCF14}.Debug|x64.Build.0 = Debug|Any CPU
		{6282A355-2A0D-4F40-B6AC-C9A9817CCF14}.Debug|x64.Deploy.0 = Debug|Any CPU
		{6282A355-2A0D-4F40-B6AC-C9A9817CCF14}.Debug|x86.ActiveCfg = Debug|Any CPU
		{6282A355-2A0D-4F40-B6AC-C9A9817CCF14}.Debug|x86.Build.0 = Debug|Any CPU
		{6282A355-2A0D-4F40-B6AC-C9A9817CCF14}.Debug|x86.Deploy.0 = Debug|Any CPU
		{6282A355-2A0D-4F40-B6AC-C9A9817CCF14}.Release|Any CPU.ActiveCfg = Release|Any CPU
		{6282A355-2A0D-4F40-B6AC-C9A9817CCF14}.Release|Any CPU.Build.0 = Release|Any CPU
		{6282A355-2A0D-4F40-B6AC-C9A9817CCF14}.Release|Any CPU.Deploy.0 = Release|Any CPU
		{6282A355-2A0D-4F40-B6AC-C9A9817CCF14}.Release|ARM.ActiveCfg = Release|Any CPU
		{6282A355-2A0D-4F40-B6AC-C9A9817CCF14}.Release|ARM.Build.0 = Release|Any CPU
		{6282A355-2A0D-4F40-B6AC-C9A9817CCF14}.Release|ARM.Deploy.0 = Release|Any CPU
		{6282A355-2A0D-4F40-B6AC-C9A9817CCF14}.Release|iPhone.ActiveCfg = Release|Any CPU
		{6282A355-2A0D-4F40-B6AC-C9A9817CCF14}.Release|iPhone.Build.0 = Release|Any CPU
		{6282A355-2A0D-4F40-B6AC-C9A9817CCF14}.Release|iPhone.Deploy.0 = Release|Any CPU
		{6282A355-2A0D-4F40-B6AC-C9A9817CCF14}.Release|iPhoneSimulator.ActiveCfg = Release|Any CPU
		{6282A355-2A0D-4F40-B6AC-C9A9817CCF14}.Release|iPhoneSimulator.Build.0 = Release|Any CPU
		{6282A355-2A0D-4F40-B6AC-C9A9817CCF14}.Release|iPhoneSimulator.Deploy.0 = Release|Any CPU
		{6282A355-2A0D-4F40-B6AC-C9A9817CCF14}.Release|x64.ActiveCfg = Release|Any CPU
		{6282A355-2A0D-4F40-B6AC-C9A9817CCF14}.Release|x64.Build.0 = Release|Any CPU
		{6282A355-2A0D-4F40-B6AC-C9A9817CCF14}.Release|x64.Deploy.0 = Release|Any CPU
		{6282A355-2A0D-4F40-B6AC-C9A9817CCF14}.Release|x86.ActiveCfg = Release|Any CPU
		{6282A355-2A0D-4F40-B6AC-C9A9817CCF14}.Release|x86.Build.0 = Release|Any CPU
		{6282A355-2A0D-4F40-B6AC-C9A9817CCF14}.Release|x86.Deploy.0 = Release|Any CPU
		{B45BF12E-0BDA-45EF-9C7F-B7D808BE41CE}.Ad-Hoc|Any CPU.ActiveCfg = Release|Any CPU
		{B45BF12E-0BDA-45EF-9C7F-B7D808BE41CE}.Ad-Hoc|Any CPU.Build.0 = Release|Any CPU
		{B45BF12E-0BDA-45EF-9C7F-B7D808BE41CE}.Ad-Hoc|ARM.ActiveCfg = Release|Any CPU
		{B45BF12E-0BDA-45EF-9C7F-B7D808BE41CE}.Ad-Hoc|ARM.Build.0 = Release|Any CPU
		{B45BF12E-0BDA-45EF-9C7F-B7D808BE41CE}.Ad-Hoc|iPhone.ActiveCfg = Release|Any CPU
		{B45BF12E-0BDA-45EF-9C7F-B7D808BE41CE}.Ad-Hoc|iPhone.Build.0 = Release|Any CPU
		{B45BF12E-0BDA-45EF-9C7F-B7D808BE41CE}.Ad-Hoc|iPhoneSimulator.ActiveCfg = Release|Any CPU
		{B45BF12E-0BDA-45EF-9C7F-B7D808BE41CE}.Ad-Hoc|iPhoneSimulator.Build.0 = Release|Any CPU
		{B45BF12E-0BDA-45EF-9C7F-B7D808BE41CE}.Ad-Hoc|x64.ActiveCfg = Release|Any CPU
		{B45BF12E-0BDA-45EF-9C7F-B7D808BE41CE}.Ad-Hoc|x64.Build.0 = Release|Any CPU
		{B45BF12E-0BDA-45EF-9C7F-B7D808BE41CE}.Ad-Hoc|x86.ActiveCfg = Release|Any CPU
		{B45BF12E-0BDA-45EF-9C7F-B7D808BE41CE}.Ad-Hoc|x86.Build.0 = Release|Any CPU
		{B45BF12E-0BDA-45EF-9C7F-B7D808BE41CE}.AppStore|Any CPU.ActiveCfg = Release|Any CPU
		{B45BF12E-0BDA-45EF-9C7F-B7D808BE41CE}.AppStore|Any CPU.Build.0 = Release|Any CPU
		{B45BF12E-0BDA-45EF-9C7F-B7D808BE41CE}.AppStore|ARM.ActiveCfg = Release|Any CPU
		{B45BF12E-0BDA-45EF-9C7F-B7D808BE41CE}.AppStore|ARM.Build.0 = Release|Any CPU
		{B45BF12E-0BDA-45EF-9C7F-B7D808BE41CE}.AppStore|iPhone.ActiveCfg = Release|Any CPU
		{B45BF12E-0BDA-45EF-9C7F-B7D808BE41CE}.AppStore|iPhone.Build.0 = Release|Any CPU
		{B45BF12E-0BDA-45EF-9C7F-B7D808BE41CE}.AppStore|iPhoneSimulator.ActiveCfg = Release|Any CPU
		{B45BF12E-0BDA-45EF-9C7F-B7D808BE41CE}.AppStore|iPhoneSimulator.Build.0 = Release|Any CPU
		{B45BF12E-0BDA-45EF-9C7F-B7D808BE41CE}.AppStore|x64.ActiveCfg = Release|Any CPU
		{B45BF12E-0BDA-45EF-9C7F-B7D808BE41CE}.AppStore|x64.Build.0 = Release|Any CPU
		{B45BF12E-0BDA-45EF-9C7F-B7D808BE41CE}.AppStore|x86.ActiveCfg = Release|Any CPU
		{B45BF12E-0BDA-45EF-9C7F-B7D808BE41CE}.AppStore|x86.Build.0 = Release|Any CPU
		{B45BF12E-0BDA-45EF-9C7F-B7D808BE41CE}.Debug|Any CPU.ActiveCfg = Debug|Any CPU
		{B45BF12E-0BDA-45EF-9C7F-B7D808BE41CE}.Debug|Any CPU.Build.0 = Debug|Any CPU
		{B45BF12E-0BDA-45EF-9C7F-B7D808BE41CE}.Debug|ARM.ActiveCfg = Debug|Any CPU
		{B45BF12E-0BDA-45EF-9C7F-B7D808BE41CE}.Debug|ARM.Build.0 = Debug|Any CPU
		{B45BF12E-0BDA-45EF-9C7F-B7D808BE41CE}.Debug|iPhone.ActiveCfg = Debug|Any CPU
		{B45BF12E-0BDA-45EF-9C7F-B7D808BE41CE}.Debug|iPhone.Build.0 = Debug|Any CPU
		{B45BF12E-0BDA-45EF-9C7F-B7D808BE41CE}.Debug|iPhoneSimulator.ActiveCfg = Debug|Any CPU
		{B45BF12E-0BDA-45EF-9C7F-B7D808BE41CE}.Debug|iPhoneSimulator.Build.0 = Debug|Any CPU
		{B45BF12E-0BDA-45EF-9C7F-B7D808BE41CE}.Debug|x64.ActiveCfg = Debug|Any CPU
		{B45BF12E-0BDA-45EF-9C7F-B7D808BE41CE}.Debug|x64.Build.0 = Debug|Any CPU
		{B45BF12E-0BDA-45EF-9C7F-B7D808BE41CE}.Debug|x86.ActiveCfg = Debug|Any CPU
		{B45BF12E-0BDA-45EF-9C7F-B7D808BE41CE}.Debug|x86.Build.0 = Debug|Any CPU
		{B45BF12E-0BDA-45EF-9C7F-B7D808BE41CE}.Release|Any CPU.ActiveCfg = Release|Any CPU
		{B45BF12E-0BDA-45EF-9C7F-B7D808BE41CE}.Release|Any CPU.Build.0 = Release|Any CPU
		{B45BF12E-0BDA-45EF-9C7F-B7D808BE41CE}.Release|ARM.ActiveCfg = Release|Any CPU
		{B45BF12E-0BDA-45EF-9C7F-B7D808BE41CE}.Release|ARM.Build.0 = Release|Any CPU
		{B45BF12E-0BDA-45EF-9C7F-B7D808BE41CE}.Release|iPhone.ActiveCfg = Release|Any CPU
		{B45BF12E-0BDA-45EF-9C7F-B7D808BE41CE}.Release|iPhone.Build.0 = Release|Any CPU
		{B45BF12E-0BDA-45EF-9C7F-B7D808BE41CE}.Release|iPhoneSimulator.ActiveCfg = Release|Any CPU
		{B45BF12E-0BDA-45EF-9C7F-B7D808BE41CE}.Release|iPhoneSimulator.Build.0 = Release|Any CPU
		{B45BF12E-0BDA-45EF-9C7F-B7D808BE41CE}.Release|x64.ActiveCfg = Release|Any CPU
		{B45BF12E-0BDA-45EF-9C7F-B7D808BE41CE}.Release|x64.Build.0 = Release|Any CPU
		{B45BF12E-0BDA-45EF-9C7F-B7D808BE41CE}.Release|x86.ActiveCfg = Release|Any CPU
		{B45BF12E-0BDA-45EF-9C7F-B7D808BE41CE}.Release|x86.Build.0 = Release|Any CPU
		{291F7F2A-012F-490A-9307-AFD488639C5E}.Ad-Hoc|Any CPU.ActiveCfg = Release|Any CPU
		{291F7F2A-012F-490A-9307-AFD488639C5E}.Ad-Hoc|Any CPU.Build.0 = Release|Any CPU
		{291F7F2A-012F-490A-9307-AFD488639C5E}.Ad-Hoc|ARM.ActiveCfg = Release|Any CPU
		{291F7F2A-012F-490A-9307-AFD488639C5E}.Ad-Hoc|ARM.Build.0 = Release|Any CPU
		{291F7F2A-012F-490A-9307-AFD488639C5E}.Ad-Hoc|iPhone.ActiveCfg = Release|Any CPU
		{291F7F2A-012F-490A-9307-AFD488639C5E}.Ad-Hoc|iPhone.Build.0 = Release|Any CPU
		{291F7F2A-012F-490A-9307-AFD488639C5E}.Ad-Hoc|iPhoneSimulator.ActiveCfg = Release|Any CPU
		{291F7F2A-012F-490A-9307-AFD488639C5E}.Ad-Hoc|iPhoneSimulator.Build.0 = Release|Any CPU
		{291F7F2A-012F-490A-9307-AFD488639C5E}.Ad-Hoc|x64.ActiveCfg = Release|Any CPU
		{291F7F2A-012F-490A-9307-AFD488639C5E}.Ad-Hoc|x64.Build.0 = Release|Any CPU
		{291F7F2A-012F-490A-9307-AFD488639C5E}.Ad-Hoc|x86.ActiveCfg = Release|Any CPU
		{291F7F2A-012F-490A-9307-AFD488639C5E}.Ad-Hoc|x86.Build.0 = Release|Any CPU
		{291F7F2A-012F-490A-9307-AFD488639C5E}.AppStore|Any CPU.ActiveCfg = Release|Any CPU
		{291F7F2A-012F-490A-9307-AFD488639C5E}.AppStore|Any CPU.Build.0 = Release|Any CPU
		{291F7F2A-012F-490A-9307-AFD488639C5E}.AppStore|ARM.ActiveCfg = Release|Any CPU
		{291F7F2A-012F-490A-9307-AFD488639C5E}.AppStore|ARM.Build.0 = Release|Any CPU
		{291F7F2A-012F-490A-9307-AFD488639C5E}.AppStore|iPhone.ActiveCfg = Release|Any CPU
		{291F7F2A-012F-490A-9307-AFD488639C5E}.AppStore|iPhone.Build.0 = Release|Any CPU
		{291F7F2A-012F-490A-9307-AFD488639C5E}.AppStore|iPhoneSimulator.ActiveCfg = Release|Any CPU
		{291F7F2A-012F-490A-9307-AFD488639C5E}.AppStore|iPhoneSimulator.Build.0 = Release|Any CPU
		{291F7F2A-012F-490A-9307-AFD488639C5E}.AppStore|x64.ActiveCfg = Release|Any CPU
		{291F7F2A-012F-490A-9307-AFD488639C5E}.AppStore|x64.Build.0 = Release|Any CPU
		{291F7F2A-012F-490A-9307-AFD488639C5E}.AppStore|x86.ActiveCfg = Release|Any CPU
		{291F7F2A-012F-490A-9307-AFD488639C5E}.AppStore|x86.Build.0 = Release|Any CPU
		{291F7F2A-012F-490A-9307-AFD488639C5E}.Debug|Any CPU.ActiveCfg = Debug|Any CPU
		{291F7F2A-012F-490A-9307-AFD488639C5E}.Debug|Any CPU.Build.0 = Debug|Any CPU
		{291F7F2A-012F-490A-9307-AFD488639C5E}.Debug|ARM.ActiveCfg = Debug|Any CPU
		{291F7F2A-012F-490A-9307-AFD488639C5E}.Debug|ARM.Build.0 = Debug|Any CPU
		{291F7F2A-012F-490A-9307-AFD488639C5E}.Debug|iPhone.ActiveCfg = Debug|Any CPU
		{291F7F2A-012F-490A-9307-AFD488639C5E}.Debug|iPhone.Build.0 = Debug|Any CPU
		{291F7F2A-012F-490A-9307-AFD488639C5E}.Debug|iPhoneSimulator.ActiveCfg = Debug|Any CPU
		{291F7F2A-012F-490A-9307-AFD488639C5E}.Debug|iPhoneSimulator.Build.0 = Debug|Any CPU
		{291F7F2A-012F-490A-9307-AFD488639C5E}.Debug|x64.ActiveCfg = Debug|Any CPU
		{291F7F2A-012F-490A-9307-AFD488639C5E}.Debug|x64.Build.0 = Debug|Any CPU
		{291F7F2A-012F-490A-9307-AFD488639C5E}.Debug|x86.ActiveCfg = Debug|Any CPU
		{291F7F2A-012F-490A-9307-AFD488639C5E}.Debug|x86.Build.0 = Debug|Any CPU
		{291F7F2A-012F-490A-9307-AFD488639C5E}.Release|Any CPU.ActiveCfg = Release|Any CPU
		{291F7F2A-012F-490A-9307-AFD488639C5E}.Release|Any CPU.Build.0 = Release|Any CPU
		{291F7F2A-012F-490A-9307-AFD488639C5E}.Release|ARM.ActiveCfg = Release|Any CPU
		{291F7F2A-012F-490A-9307-AFD488639C5E}.Release|ARM.Build.0 = Release|Any CPU
		{291F7F2A-012F-490A-9307-AFD488639C5E}.Release|iPhone.ActiveCfg = Release|Any CPU
		{291F7F2A-012F-490A-9307-AFD488639C5E}.Release|iPhone.Build.0 = Release|Any CPU
		{291F7F2A-012F-490A-9307-AFD488639C5E}.Release|iPhoneSimulator.ActiveCfg = Release|Any CPU
		{291F7F2A-012F-490A-9307-AFD488639C5E}.Release|iPhoneSimulator.Build.0 = Release|Any CPU
		{291F7F2A-012F-490A-9307-AFD488639C5E}.Release|x64.ActiveCfg = Release|Any CPU
		{291F7F2A-012F-490A-9307-AFD488639C5E}.Release|x64.Build.0 = Release|Any CPU
		{291F7F2A-012F-490A-9307-AFD488639C5E}.Release|x86.ActiveCfg = Release|Any CPU
		{291F7F2A-012F-490A-9307-AFD488639C5E}.Release|x86.Build.0 = Release|Any CPU
		{B22EECFB-A43D-40CD-80A1-9770402ACC48}.Ad-Hoc|Any CPU.ActiveCfg = Release|Any CPU
		{B22EECFB-A43D-40CD-80A1-9770402ACC48}.Ad-Hoc|Any CPU.Build.0 = Release|Any CPU
		{B22EECFB-A43D-40CD-80A1-9770402ACC48}.Ad-Hoc|ARM.ActiveCfg = Release|Any CPU
		{B22EECFB-A43D-40CD-80A1-9770402ACC48}.Ad-Hoc|ARM.Build.0 = Release|Any CPU
		{B22EECFB-A43D-40CD-80A1-9770402ACC48}.Ad-Hoc|iPhone.ActiveCfg = Release|Any CPU
		{B22EECFB-A43D-40CD-80A1-9770402ACC48}.Ad-Hoc|iPhone.Build.0 = Release|Any CPU
		{B22EECFB-A43D-40CD-80A1-9770402ACC48}.Ad-Hoc|iPhoneSimulator.ActiveCfg = Release|Any CPU
		{B22EECFB-A43D-40CD-80A1-9770402ACC48}.Ad-Hoc|iPhoneSimulator.Build.0 = Release|Any CPU
		{B22EECFB-A43D-40CD-80A1-9770402ACC48}.Ad-Hoc|x64.ActiveCfg = Release|Any CPU
		{B22EECFB-A43D-40CD-80A1-9770402ACC48}.Ad-Hoc|x64.Build.0 = Release|Any CPU
		{B22EECFB-A43D-40CD-80A1-9770402ACC48}.Ad-Hoc|x86.ActiveCfg = Release|Any CPU
		{B22EECFB-A43D-40CD-80A1-9770402ACC48}.Ad-Hoc|x86.Build.0 = Release|Any CPU
		{B22EECFB-A43D-40CD-80A1-9770402ACC48}.AppStore|Any CPU.ActiveCfg = Release|Any CPU
		{B22EECFB-A43D-40CD-80A1-9770402ACC48}.AppStore|Any CPU.Build.0 = Release|Any CPU
		{B22EECFB-A43D-40CD-80A1-9770402ACC48}.AppStore|ARM.ActiveCfg = Release|Any CPU
		{B22EECFB-A43D-40CD-80A1-9770402ACC48}.AppStore|ARM.Build.0 = Release|Any CPU
		{B22EECFB-A43D-40CD-80A1-9770402ACC48}.AppStore|iPhone.ActiveCfg = Release|Any CPU
		{B22EECFB-A43D-40CD-80A1-9770402ACC48}.AppStore|iPhone.Build.0 = Release|Any CPU
		{B22EECFB-A43D-40CD-80A1-9770402ACC48}.AppStore|iPhoneSimulator.ActiveCfg = Release|Any CPU
		{B22EECFB-A43D-40CD-80A1-9770402ACC48}.AppStore|iPhoneSimulator.Build.0 = Release|Any CPU
		{B22EECFB-A43D-40CD-80A1-9770402ACC48}.AppStore|x64.ActiveCfg = Release|Any CPU
		{B22EECFB-A43D-40CD-80A1-9770402ACC48}.AppStore|x64.Build.0 = Release|Any CPU
		{B22EECFB-A43D-40CD-80A1-9770402ACC48}.AppStore|x86.ActiveCfg = Release|Any CPU
		{B22EECFB-A43D-40CD-80A1-9770402ACC48}.AppStore|x86.Build.0 = Release|Any CPU
		{B22EECFB-A43D-40CD-80A1-9770402ACC48}.Debug|Any CPU.ActiveCfg = Debug|Any CPU
		{B22EECFB-A43D-40CD-80A1-9770402ACC48}.Debug|Any CPU.Build.0 = Debug|Any CPU
		{B22EECFB-A43D-40CD-80A1-9770402ACC48}.Debug|ARM.ActiveCfg = Debug|Any CPU
		{B22EECFB-A43D-40CD-80A1-9770402ACC48}.Debug|ARM.Build.0 = Debug|Any CPU
		{B22EECFB-A43D-40CD-80A1-9770402ACC48}.Debug|iPhone.ActiveCfg = Debug|Any CPU
		{B22EECFB-A43D-40CD-80A1-9770402ACC48}.Debug|iPhone.Build.0 = Debug|Any CPU
		{B22EECFB-A43D-40CD-80A1-9770402ACC48}.Debug|iPhoneSimulator.ActiveCfg = Debug|Any CPU
		{B22EECFB-A43D-40CD-80A1-9770402ACC48}.Debug|iPhoneSimulator.Build.0 = Debug|Any CPU
		{B22EECFB-A43D-40CD-80A1-9770402ACC48}.Debug|x64.ActiveCfg = Debug|Any CPU
		{B22EECFB-A43D-40CD-80A1-9770402ACC48}.Debug|x64.Build.0 = Debug|Any CPU
		{B22EECFB-A43D-40CD-80A1-9770402ACC48}.Debug|x86.ActiveCfg = Debug|Any CPU
		{B22EECFB-A43D-40CD-80A1-9770402ACC48}.Debug|x86.Build.0 = Debug|Any CPU
		{B22EECFB-A43D-40CD-80A1-9770402ACC48}.Release|Any CPU.ActiveCfg = Release|Any CPU
		{B22EECFB-A43D-40CD-80A1-9770402ACC48}.Release|Any CPU.Build.0 = Release|Any CPU
		{B22EECFB-A43D-40CD-80A1-9770402ACC48}.Release|ARM.ActiveCfg = Release|Any CPU
		{B22EECFB-A43D-40CD-80A1-9770402ACC48}.Release|ARM.Build.0 = Release|Any CPU
		{B22EECFB-A43D-40CD-80A1-9770402ACC48}.Release|iPhone.ActiveCfg = Release|Any CPU
		{B22EECFB-A43D-40CD-80A1-9770402ACC48}.Release|iPhone.Build.0 = Release|Any CPU
		{B22EECFB-A43D-40CD-80A1-9770402ACC48}.Release|iPhoneSimulator.ActiveCfg = Release|Any CPU
		{B22EECFB-A43D-40CD-80A1-9770402ACC48}.Release|iPhoneSimulator.Build.0 = Release|Any CPU
		{B22EECFB-A43D-40CD-80A1-9770402ACC48}.Release|x64.ActiveCfg = Release|Any CPU
		{B22EECFB-A43D-40CD-80A1-9770402ACC48}.Release|x64.Build.0 = Release|Any CPU
		{B22EECFB-A43D-40CD-80A1-9770402ACC48}.Release|x86.ActiveCfg = Release|Any CPU
		{B22EECFB-A43D-40CD-80A1-9770402ACC48}.Release|x86.Build.0 = Release|Any CPU
		{7EB737CE-B67E-4309-8675-065FA5C751C9}.Ad-Hoc|Any CPU.ActiveCfg = Release|Any CPU
		{7EB737CE-B67E-4309-8675-065FA5C751C9}.Ad-Hoc|Any CPU.Build.0 = Release|Any CPU
		{7EB737CE-B67E-4309-8675-065FA5C751C9}.Ad-Hoc|ARM.ActiveCfg = Release|Any CPU
		{7EB737CE-B67E-4309-8675-065FA5C751C9}.Ad-Hoc|ARM.Build.0 = Release|Any CPU
		{7EB737CE-B67E-4309-8675-065FA5C751C9}.Ad-Hoc|iPhone.ActiveCfg = Release|Any CPU
		{7EB737CE-B67E-4309-8675-065FA5C751C9}.Ad-Hoc|iPhone.Build.0 = Release|Any CPU
		{7EB737CE-B67E-4309-8675-065FA5C751C9}.Ad-Hoc|iPhoneSimulator.ActiveCfg = Release|Any CPU
		{7EB737CE-B67E-4309-8675-065FA5C751C9}.Ad-Hoc|iPhoneSimulator.Build.0 = Release|Any CPU
		{7EB737CE-B67E-4309-8675-065FA5C751C9}.Ad-Hoc|x64.ActiveCfg = Release|Any CPU
		{7EB737CE-B67E-4309-8675-065FA5C751C9}.Ad-Hoc|x64.Build.0 = Release|Any CPU
		{7EB737CE-B67E-4309-8675-065FA5C751C9}.Ad-Hoc|x86.ActiveCfg = Release|Any CPU
		{7EB737CE-B67E-4309-8675-065FA5C751C9}.Ad-Hoc|x86.Build.0 = Release|Any CPU
		{7EB737CE-B67E-4309-8675-065FA5C751C9}.AppStore|Any CPU.ActiveCfg = Release|Any CPU
		{7EB737CE-B67E-4309-8675-065FA5C751C9}.AppStore|Any CPU.Build.0 = Release|Any CPU
		{7EB737CE-B67E-4309-8675-065FA5C751C9}.AppStore|ARM.ActiveCfg = Release|Any CPU
		{7EB737CE-B67E-4309-8675-065FA5C751C9}.AppStore|ARM.Build.0 = Release|Any CPU
		{7EB737CE-B67E-4309-8675-065FA5C751C9}.AppStore|iPhone.ActiveCfg = Release|Any CPU
		{7EB737CE-B67E-4309-8675-065FA5C751C9}.AppStore|iPhone.Build.0 = Release|Any CPU
		{7EB737CE-B67E-4309-8675-065FA5C751C9}.AppStore|iPhoneSimulator.ActiveCfg = Release|Any CPU
		{7EB737CE-B67E-4309-8675-065FA5C751C9}.AppStore|iPhoneSimulator.Build.0 = Release|Any CPU
		{7EB737CE-B67E-4309-8675-065FA5C751C9}.AppStore|x64.ActiveCfg = Release|Any CPU
		{7EB737CE-B67E-4309-8675-065FA5C751C9}.AppStore|x64.Build.0 = Release|Any CPU
		{7EB737CE-B67E-4309-8675-065FA5C751C9}.AppStore|x86.ActiveCfg = Release|Any CPU
		{7EB737CE-B67E-4309-8675-065FA5C751C9}.AppStore|x86.Build.0 = Release|Any CPU
		{7EB737CE-B67E-4309-8675-065FA5C751C9}.Debug|Any CPU.ActiveCfg = Debug|Any CPU
		{7EB737CE-B67E-4309-8675-065FA5C751C9}.Debug|Any CPU.Build.0 = Debug|Any CPU
		{7EB737CE-B67E-4309-8675-065FA5C751C9}.Debug|ARM.ActiveCfg = Debug|Any CPU
		{7EB737CE-B67E-4309-8675-065FA5C751C9}.Debug|ARM.Build.0 = Debug|Any CPU
		{7EB737CE-B67E-4309-8675-065FA5C751C9}.Debug|iPhone.ActiveCfg = Debug|Any CPU
		{7EB737CE-B67E-4309-8675-065FA5C751C9}.Debug|iPhone.Build.0 = Debug|Any CPU
		{7EB737CE-B67E-4309-8675-065FA5C751C9}.Debug|iPhoneSimulator.ActiveCfg = Debug|Any CPU
		{7EB737CE-B67E-4309-8675-065FA5C751C9}.Debug|iPhoneSimulator.Build.0 = Debug|Any CPU
		{7EB737CE-B67E-4309-8675-065FA5C751C9}.Debug|x64.ActiveCfg = Debug|Any CPU
		{7EB737CE-B67E-4309-8675-065FA5C751C9}.Debug|x64.Build.0 = Debug|Any CPU
		{7EB737CE-B67E-4309-8675-065FA5C751C9}.Debug|x86.ActiveCfg = Debug|Any CPU
		{7EB737CE-B67E-4309-8675-065FA5C751C9}.Debug|x86.Build.0 = Debug|Any CPU
		{7EB737CE-B67E-4309-8675-065FA5C751C9}.Release|Any CPU.ActiveCfg = Release|Any CPU
		{7EB737CE-B67E-4309-8675-065FA5C751C9}.Release|Any CPU.Build.0 = Release|Any CPU
		{7EB737CE-B67E-4309-8675-065FA5C751C9}.Release|ARM.ActiveCfg = Release|Any CPU
		{7EB737CE-B67E-4309-8675-065FA5C751C9}.Release|ARM.Build.0 = Release|Any CPU
		{7EB737CE-B67E-4309-8675-065FA5C751C9}.Release|iPhone.ActiveCfg = Release|Any CPU
		{7EB737CE-B67E-4309-8675-065FA5C751C9}.Release|iPhone.Build.0 = Release|Any CPU
		{7EB737CE-B67E-4309-8675-065FA5C751C9}.Release|iPhoneSimulator.ActiveCfg = Release|Any CPU
		{7EB737CE-B67E-4309-8675-065FA5C751C9}.Release|iPhoneSimulator.Build.0 = Release|Any CPU
		{7EB737CE-B67E-4309-8675-065FA5C751C9}.Release|x64.ActiveCfg = Release|Any CPU
		{7EB737CE-B67E-4309-8675-065FA5C751C9}.Release|x64.Build.0 = Release|Any CPU
		{7EB737CE-B67E-4309-8675-065FA5C751C9}.Release|x86.ActiveCfg = Release|Any CPU
		{7EB737CE-B67E-4309-8675-065FA5C751C9}.Release|x86.Build.0 = Release|Any CPU
	EndGlobalSection
	GlobalSection(SolutionProperties) = preSolution
		HideSolutionNode = FALSE
	EndGlobalSection
	GlobalSection(ExtensibilityGlobals) = postSolution
		SolutionGuid = {578B67E1-5E9A-4C8B-8A65-F7E118BB855F}
	EndGlobalSection
EndGlobal
